
Microsoft Visual Studio Solution File, Format Version 12.00
# Visual Studio Version 18
VisualStudioVersion = 18.11.12202.211
MinimumVisualStudioVersion = 10.0.40219.1
Project("{FAE04EC0-301F-11D3-BF4B-00C04F79EFBC}") = "ProductParsing.Web", "ProductParsing.Web\ProductParsing.Web.csproj", "{7E3F11E5-5F00-4249-B20E-874A53A99ED6}"
EndProject
Project("{FAE04EC0-301F-11D3-BF4B-00C04F79EFBC}") = "ProductParsing.Extensions", "ProductParsing.Extensions\ProductParsing.Extensions.csproj", "{1E2705E4-9FEA-43BC-9DED-6F9FEB6C985E}"
EndProject
Global
	GlobalSection(SolutionConfigurationPlatforms) = preSolution
		Debug|Any CPU = Debug|Any CPU
		Debug|x64 = Debug|x64
		Debug|x86 = Debug|x86
		Release|Any CPU = Release|Any CPU
		Release|x64 = Release|x64
		Release|x86 = Release|x86
	EndGlobalSection
	GlobalSection(ProjectConfigurationPlatforms) = postSolution
		{7E3F11E5-5F00-4249-B20E-874A53A99ED6}.Debug|Any CPU.ActiveCfg = Debug|Any CPU
		{7E3F11E5-5F00-4249-B20E-874A53A99ED6}.Debug|Any CPU.Build.0 = Debug|Any CPU
		{7E3F11E5-5F00-4249-B20E-874A53A99ED6}.Debug|x64.ActiveCfg = Debug|Any CPU
		{7E3F11E5-5F00-4249-B20E-874A53A99ED6}.Debug|x64.Build.0 = Debug|Any CPU
		{7E3F11E5-5F00-4249-B20E-874A53A99ED6}.Debug|x86.ActiveCfg = Debug|Any CPU
		{7E3F11E5-5F00-4249-B20E-874A53A99ED6}.Debug|x86.Build.0 = Debug|Any CPU
		{7E3F11E5-5F00-4249-B20E-874A53A99ED6}.Release|Any CPU.ActiveCfg = Release|Any CPU
		{7E3F11E5-5F00-4249-B20E-874A53A99ED6}.Release|Any CPU.Build.0 = Release|Any CPU
		{7E3F11E5-5F00-4249-B20E-874A53A99ED6}.Release|x64.ActiveCfg = Release|Any CPU
		{7E3F11E5-5F00-4249-B20E-874A53A99ED6}.Release|x64.Build.0 = Release|Any CPU
		{7E3F11E5-5F00-4249-B20E-874A53A99ED6}.Release|x86.ActiveCfg = Release|Any CPU
		{7E3F11E5-5F00-4249-B20E-874A53A99ED6}.Release|x86.Build.0 = Release|Any CPU
		{1E2705E4-9FEA-43BC-9DED-6F9FEB6C985E}.Debug|Any CPU.ActiveCfg = Debug|Any CPU
		{1E2705E4-9FEA-43BC-9DED-6F9FEB6C985E}.Debug|Any CPU.Build.0 = Debug|Any CPU
		{1E2705E4-9FEA-43BC-9DED-6F9FEB6C985E}.Debug|x64.ActiveCfg = Debug|Any CPU
		{1E2705E4-9FEA-43BC-9DED-6F9FEB6C985E}.Debug|x64.Build.0 = Debug|Any CPU
		{1E2705E4-9FEA-43BC-9DED-6F9FEB6C985E}.Debug|x86.ActiveCfg = Debug|Any CPU
		{1E2705E4-9FEA-43BC-9DED-6F9FEB6C985E}.Debug|x86.Build.0 = Debug|Any CPU
		{1E2705E4-9FEA-43BC-9DED-6F9FEB6C985E}.Release|Any CPU.ActiveCfg = Release|Any CPU
		{1E2705E4-9FEA-43BC-9DED-6F9FEB6C985E}.Release|Any CPU.Build.0 = Release|Any CPU
		{1E2705E4-9FEA-43BC-9DED-6F9FEB6C985E}.Release|x64.ActiveCfg = Release|Any CPU
		{1E2705E4-9FEA-43BC-9DED-6F9FEB6C985E}.Release|x64.Build.0 = Release|Any CPU
		{1E2705E4-9FEA-43BC-9DED-6F9FEB6C985E}.Release|x86.ActiveCfg = Release|Any CPU
		{1E2705E4-9FEA-43BC-9DED-6F9FEB6C985E}.Release|x86.Build.0 = Release|Any CPU
	EndGlobalSection
	GlobalSection(SolutionProperties) = preSolution
		HideSolutionNode = FALSE
	EndGlobalSection
	GlobalSection(ExtensibilityGlobals) = postSolution
		SolutionGuid = {E6033EF0-0FE6-4942-9F52-F046E4314151}
	EndGlobalSection
EndGlobal
